// !$*UTF8*$!
{
	archiveVersion = 1;
	classes = {
	};
	objectVersion = 77;
	objects = {

/* Begin PBXBuildFile section */
		2239FE3A2CC1582800185664 /* .gitignore in Resources */ = {isa = PBXBuildFile; fileRef = 2239FE392CC1582800185664 /* .gitignore */; };
		22D8D3DC2CC1531900C53BA1 /* GoogleService-Info.plist in Resources */ = {isa = PBXBuildFile; fileRef = 22D8D3DB2CC1531900C53BA1 /* GoogleService-Info.plist */; };
		22D8D3DF2CC154CB00C53BA1 /* FirebaseAuth in Frameworks */ = {isa = PBXBuildFile; productRef = 22D8D3DE2CC154CB00C53BA1 /* FirebaseAuth */; };
		22D8D3E12CC154CB00C53BA1 /* FirebaseFirestore in Frameworks */ = {isa = PBXBuildFile; productRef = 22D8D3E02CC154CB00C53BA1 /* FirebaseFirestore */; };
		22D8D3E32CC154CB00C53BA1 /* FirebaseStorage in Frameworks */ = {isa = PBXBuildFile; productRef = 22D8D3E22CC154CB00C53BA1 /* FirebaseStorage */; };
/* End PBXBuildFile section */

/* Begin PBXContainerItemProxy section */
		22D8D3B92CC14A6200C53BA1 /* PBXContainerItemProxy */ = {
			isa = PBXContainerItemProxy;
			containerPortal = 22D8D3A02CC14A6000C53BA1 /* Project object */;
			proxyType = 1;
			remoteGlobalIDString = 22D8D3A72CC14A6000C53BA1;
			remoteInfo = Gis;
		};
		22D8D3C32CC14A6200C53BA1 /* PBXContainerItemProxy */ = {
			isa = PBXContainerItemProxy;
			containerPortal = 22D8D3A02CC14A6000C53BA1 /* Project object */;
			proxyType = 1;
			remoteGlobalIDString = 22D8D3A72CC14A6000C53BA1;
			remoteInfo = Gis;
		};
/* End PBXContainerItemProxy section */

/* Begin PBXFileReference section */
		2239FE392CC1582800185664 /* .gitignore */ = {isa = PBXFileReference; lastKnownFileType = text; path = .gitignore; sourceTree = "<group>"; };
		22D8D3A82CC14A6000C53BA1 /* Gis.app */ = {isa = PBXFileReference; explicitFileType = wrapper.application; includeInIndex = 0; path = Gis.app; sourceTree = BUILT_PRODUCTS_DIR; };
		22D8D3B82CC14A6200C53BA1 /* GisTests.xctest */ = {isa = PBXFileReference; explicitFileType = wrapper.cfbundle; includeInIndex = 0; path = GisTests.xctest; sourceTree = BUILT_PRODUCTS_DIR; };
		22D8D3C22CC14A6200C53BA1 /* GisUITests.xctest */ = {isa = PBXFileReference; explicitFileType = wrapper.cfbundle; includeInIndex = 0; path = GisUITests.xctest; sourceTree = BUILT_PRODUCTS_DIR; };
		22D8D3DB2CC1531900C53BA1 /* GoogleService-Info.plist */ = {isa = PBXFileReference; lastKnownFileType = text.plist.xml; path = "GoogleService-Info.plist"; sourceTree = "<group>"; };
/* End PBXFileReference section */

/* Begin PBXFileSystemSynchronizedRootGroup section */
		22D8D3AA2CC14A6000C53BA1 /* Gis */ = {
			isa = PBXFileSystemSynchronizedRootGroup;
			path = Gis;
			sourceTree = "<group>";
		};
		22D8D3BB2CC14A6200C53BA1 /* GisTests */ = {
			isa = PBXFileSystemSynchronizedRootGroup;
			path = GisTests;
			sourceTree = "<group>";
		};
		22D8D3C52CC14A6200C53BA1 /* GisUITests */ = {
			isa = PBXFileSystemSynchronizedRootGroup;
			path = GisUITests;
			sourceTree = "<group>";
		};
		22D8D3D92CC14C1200C53BA1 /* Preview Content */ = {
			isa = PBXFileSystemSynchronizedRootGroup;
			path = "Preview Content";
			sourceTree = "<group>";
		};
/* End PBXFileSystemSynchronizedRootGroup section */

/* Begin PBXFrameworksBuildPhase section */
		22D8D3A52CC14A6000C53BA1 /* Frameworks */ = {
			isa = PBXFrameworksBuildPhase;
			buildActionMask = 2147483647;
			files = (
				22D8D3DF2CC154CB00C53BA1 /* FirebaseAuth in Frameworks */,
				22D8D3E12CC154CB00C53BA1 /* FirebaseFirestore in Frameworks */,
				22D8D3E32CC154CB00C53BA1 /* FirebaseStorage in Frameworks */,
			);
			runOnlyForDeploymentPostprocessing = 0;
		};
		22D8D3B52CC14A6200C53BA1 /* Frameworks */ = {
			isa = PBXFrameworksBuildPhase;
			buildActionMask = 2147483647;
			files = (
			);
			runOnlyForDeploymentPostprocessing = 0;
		};
		22D8D3BF2CC14A6200C53BA1 /* Frameworks */ = {
			isa = PBXFrameworksBuildPhase;
			buildActionMask = 2147483647;
			files = (
			);
			runOnlyForDeploymentPostprocessing = 0;
		};
/* End PBXFrameworksBuildPhase section */

/* Begin PBXGroup section */
		22D8D39F2CC14A6000C53BA1 = {
			isa = PBXGroup;
			children = (
				2239FE392CC1582800185664 /* .gitignore */,
				22D8D3DB2CC1531900C53BA1 /* GoogleService-Info.plist */,
				22D8D3AA2CC14A6000C53BA1 /* Gis */,
				22D8D3D92CC14C1200C53BA1 /* Preview Content */,
				22D8D3BB2CC14A6200C53BA1 /* GisTests */,
				22D8D3C52CC14A6200C53BA1 /* GisUITests */,
				22D8D3A92CC14A6000C53BA1 /* Products */,
			);
			sourceTree = "<group>";
		};
		22D8D3A92CC14A6000C53BA1 /* Products */ = {
			isa = PBXGroup;
			children = (
				22D8D3A82CC14A6000C53BA1 /* Gis.app */,
				22D8D3B82CC14A6200C53BA1 /* GisTests.xctest */,
				22D8D3C22CC14A6200C53BA1 /* GisUITests.xctest */,
			);
			name = Products;
			sourceTree = "<group>";
		};
/* End PBXGroup section */

/* Begin PBXNativeTarget section */
		22D8D3A72CC14A6000C53BA1 /* Gis */ = {
			isa = PBXNativeTarget;
			buildConfigurationList = 22D8D3CC2CC14A6200C53BA1 /* Build configuration list for PBXNativeTarget "Gis" */;
			buildPhases = (
				22D8D3A42CC14A6000C53BA1 /* Sources */,
				22D8D3A52CC14A6000C53BA1 /* Frameworks */,
				22D8D3A62CC14A6000C53BA1 /* Resources */,
			);
			buildRules = (
			);
			dependencies = (
			);
			fileSystemSynchronizedGroups = (
				22D8D3AA2CC14A6000C53BA1 /* Gis */,
				22D8D3D92CC14C1200C53BA1 /* Preview Content */,
			);
			name = Gis;
			packageProductDependencies = (
				22D8D3DE2CC154CB00C53BA1 /* FirebaseAuth */,
				22D8D3E02CC154CB00C53BA1 /* FirebaseFirestore */,
				22D8D3E22CC154CB00C53BA1 /* FirebaseStorage */,
			);
			productName = Gis;
			productReference = 22D8D3A82CC14A6000C53BA1 /* Gis.app */;
			productType = "com.apple.product-type.application";
		};
		22D8D3B72CC14A6200C53BA1 /* GisTests */ = {
			isa = PBXNativeTarget;
			buildConfigurationList = 22D8D3CF2CC14A6200C53BA1 /* Build configuration list for PBXNativeTarget "GisTests" */;
			buildPhases = (
				22D8D3B42CC14A6200C53BA1 /* Sources */,
				22D8D3B52CC14A6200C53BA1 /* Frameworks */,
				22D8D3B62CC14A6200C53BA1 /* Resources */,
			);
			buildRules = (
			);
			dependencies = (
				22D8D3BA2CC14A6200C53BA1 /* PBXTargetDependency */,
			);
			fileSystemSynchronizedGroups = (
				22D8D3BB2CC14A6200C53BA1 /* GisTests */,
			);
			name = GisTests;
			packageProductDependencies = (
			);
			productName = GisTests;
			productReference = 22D8D3B82CC14A6200C53BA1 /* GisTests.xctest */;
			productType = "com.apple.product-type.bundle.unit-test";
		};
		22D8D3C12CC14A6200C53BA1 /* GisUITests */ = {
			isa = PBXNativeTarget;
			buildConfigurationList = 22D8D3D22CC14A6200C53BA1 /* Build configuration list for PBXNativeTarget "GisUITests" */;
			buildPhases = (
				22D8D3BE2CC14A6200C53BA1 /* Sources */,
				22D8D3BF2CC14A6200C53BA1 /* Frameworks */,
				22D8D3C02CC14A6200C53BA1 /* Resources */,
			);
			buildRules = (
			);
			dependencies = (
				22D8D3C42CC14A6200C53BA1 /* PBXTargetDependency */,
			);
			fileSystemSynchronizedGroups = (
				22D8D3C52CC14A6200C53BA1 /* GisUITests */,
			);
			name = GisUITests;
			packageProductDependencies = (
			);
			productName = GisUITests;
			productReference = 22D8D3C22CC14A6200C53BA1 /* GisUITests.xctest */;
			productType = "com.apple.product-type.bundle.ui-testing";
		};
/* End PBXNativeTarget section */

/* Begin PBXProject section */
		22D8D3A02CC14A6000C53BA1 /* Project object */ = {
			isa = PBXProject;
			attributes = {
				BuildIndependentTargetsInParallel = 1;
				LastSwiftUpdateCheck = 1600;
				LastUpgradeCheck = 1600;
				TargetAttributes = {
					22D8D3A72CC14A6000C53BA1 = {
						CreatedOnToolsVersion = 16.0;
					};
					22D8D3B72CC14A6200C53BA1 = {
						CreatedOnToolsVersion = 16.0;
						TestTargetID = 22D8D3A72CC14A6000C53BA1;
					};
					22D8D3C12CC14A6200C53BA1 = {
						CreatedOnToolsVersion = 16.0;
						TestTargetID = 22D8D3A72CC14A6000C53BA1;
					};
				};
			};
			buildConfigurationList = 22D8D3A32CC14A6000C53BA1 /* Build configuration list for PBXProject "Gis" */;
			developmentRegion = en;
			hasScannedForEncodings = 0;
			knownRegions = (
				en,
				Base,
			);
			mainGroup = 22D8D39F2CC14A6000C53BA1;
			minimizedProjectReferenceProxies = 1;
			packageReferences = (
				22D8D3DD2CC154CB00C53BA1 /* XCRemoteSwiftPackageReference "firebase-ios-sdk" */,
			);
			preferredProjectObjectVersion = 77;
			productRefGroup = 22D8D3A92CC14A6000C53BA1 /* Products */;
			projectDirPath = "";
			projectRoot = "";
			targets = (
				22D8D3A72CC14A6000C53BA1 /* Gis */,
				22D8D3B72CC14A6200C53BA1 /* GisTests */,
				22D8D3C12CC14A6200C53BA1 /* GisUITests */,
			);
		};
/* End PBXProject section */

/* Begin PBXResourcesBuildPhase section */
		22D8D3A62CC14A6000C53BA1 /* Resources */ = {
			isa = PBXResourcesBuildPhase;
			buildActionMask = 2147483647;
			files = (
				2239FE3A2CC1582800185664 /* .gitignore in Resources */,
				22D8D3DC2CC1531900C53BA1 /* GoogleService-Info.plist in Resources */,
			);
			runOnlyForDeploymentPostprocessing = 0;
		};
		22D8D3B62CC14A6200C53BA1 /* Resources */ = {
			isa = PBXResourcesBuildPhase;
			buildActionMask = 2147483647;
			files = (
			);
			runOnlyForDeploymentPostprocessing = 0;
		};
		22D8D3C02CC14A6200C53BA1 /* Resources */ = {
			isa = PBXResourcesBuildPhase;
			buildActionMask = 2147483647;
			files = (
			);
			runOnlyForDeploymentPostprocessing = 0;
		};
/* End PBXResourcesBuildPhase section */

/* Begin PBXSourcesBuildPhase section */
		22D8D3A42CC14A6000C53BA1 /* Sources */ = {
			isa = PBXSourcesBuildPhase;
			buildActionMask = 2147483647;
			files = (
			);
			runOnlyForDeploymentPostprocessing = 0;
		};
		22D8D3B42CC14A6200C53BA1 /* Sources */ = {
			isa = PBXSourcesBuildPhase;
			buildActionMask = 2147483647;
			files = (
			);
			runOnlyForDeploymentPostprocessing = 0;
		};
		22D8D3BE2CC14A6200C53BA1 /* Sources */ = {
			isa = PBXSourcesBuildPhase;
			buildActionMask = 2147483647;
			files = (
			);
			runOnlyForDeploymentPostprocessing = 0;
		};
/* End PBXSourcesBuildPhase section */

/* Begin PBXTargetDependency section */
		22D8D3BA2CC14A6200C53BA1 /* PBXTargetDependency */ = {
			isa = PBXTargetDependency;
			target = 22D8D3A72CC14A6000C53BA1 /* Gis */;
			targetProxy = 22D8D3B92CC14A6200C53BA1 /* PBXContainerItemProxy */;
		};
		22D8D3C42CC14A6200C53BA1 /* PBXTargetDependency */ = {
			isa = PBXTargetDependency;
			target = 22D8D3A72CC14A6000C53BA1 /* Gis */;
			targetProxy = 22D8D3C32CC14A6200C53BA1 /* PBXContainerItemProxy */;
		};
/* End PBXTargetDependency section */

/* Begin XCBuildConfiguration section */
		22D8D3CA2CC14A6200C53BA1 /* Debug */ = {
			isa = XCBuildConfiguration;
			buildSettings = {
				ALWAYS_SEARCH_USER_PATHS = NO;
				ASSETCATALOG_COMPILER_GENERATE_SWIFT_ASSET_SYMBOL_EXTENSIONS = YES;
				CLANG_ANALYZER_NONNULL = YES;
				CLANG_ANALYZER_NUMBER_OBJECT_CONVERSION = YES_AGGRESSIVE;
				CLANG_CXX_LANGUAGE_STANDARD = "gnu++20";
				CLANG_ENABLE_MODULES = YES;
				CLANG_ENABLE_OBJC_ARC = YES;
				CLANG_ENABLE_OBJC_WEAK = YES;
				CLANG_WARN_BLOCK_CAPTURE_AUTORELEASING = YES;
				CLANG_WARN_BOOL_CONVERSION = YES;
				CLANG_WARN_COMMA = YES;
				CLANG_WARN_CONSTANT_CONVERSION = YES;
				CLANG_WARN_DEPRECATED_OBJC_IMPLEMENTATIONS = YES;
				CLANG_WARN_DIRECT_OBJC_ISA_USAGE = YES_ERROR;
				CLANG_WARN_DOCUMENTATION_COMMENTS = YES;
				CLANG_WARN_EMPTY_BODY = YES;
				CLANG_WARN_ENUM_CONVERSION = YES;
				CLANG_WARN_INFINITE_RECURSION = YES;
				CLANG_WARN_INT_CONVERSION = YES;
				CLANG_WARN_NON_LITERAL_NULL_CONVERSION = YES;
				CLANG_WARN_OBJC_IMPLICIT_RETAIN_SELF = YES;
				CLANG_WARN_OBJC_LITERAL_CONVERSION = YES;
				CLANG_WARN_OBJC_ROOT_CLASS = YES_ERROR;
				CLANG_WARN_QUOTED_INCLUDE_IN_FRAMEWORK_HEADER = YES;
				CLANG_WARN_RANGE_LOOP_ANALYSIS = YES;
				CLANG_WARN_STRICT_PROTOTYPES = YES;
				CLANG_WARN_SUSPICIOUS_MOVE = YES;
				CLANG_WARN_UNGUARDED_AVAILABILITY = YES_AGGRESSIVE;
				CLANG_WARN_UNREACHABLE_CODE = YES;
				CLANG_WARN__DUPLICATE_METHOD_MATCH = YES;
				COPY_PHASE_STRIP = NO;
				DEBUG_INFORMATION_FORMAT = dwarf;
				ENABLE_STRICT_OBJC_MSGSEND = YES;
				ENABLE_TESTABILITY = YES;
				ENABLE_USER_SCRIPT_SANDBOXING = YES;
				GCC_C_LANGUAGE_STANDARD = gnu17;
				GCC_DYNAMIC_NO_PIC = NO;
				GCC_NO_COMMON_BLOCKS = YES;
				GCC_OPTIMIZATION_LEVEL = 0;
				GCC_PREPROCESSOR_DEFINITIONS = (
					"DEBUG=1",
					"$(inherited)",
				);
				GCC_WARN_64_TO_32_BIT_CONVERSION = YES;
				GCC_WARN_ABOUT_RETURN_TYPE = YES_ERROR;
				GCC_WARN_UNDECLARED_SELECTOR = YES;
				GCC_WARN_UNINITIALIZED_AUTOS = YES_AGGRESSIVE;
				GCC_WARN_UNUSED_FUNCTION = YES;
				GCC_WARN_UNUSED_VARIABLE = YES;
				IPHONEOS_DEPLOYMENT_TARGET = 18.0;
				LOCALIZATION_PREFERS_STRING_CATALOGS = YES;
				MTL_ENABLE_DEBUG_INFO = INCLUDE_SOURCE;
				MTL_FAST_MATH = YES;
				ONLY_ACTIVE_ARCH = YES;
				SDKROOT = iphoneos;
				SWIFT_ACTIVE_COMPILATION_CONDITIONS = "DEBUG $(inherited)";
				SWIFT_OPTIMIZATION_LEVEL = "-Onone";
			};
			name = Debug;
		};
		22D8D3CB2CC14A6200C53BA1 /* Release */ = {
			isa = XCBuildConfiguration;
			buildSettings = {
				ALWAYS_SEARCH_USER_PATHS = NO;
				ASSETCATALOG_COMPILER_GENERATE_SWIFT_ASSET_SYMBOL_EXTENSIONS = YES;
				CLANG_ANALYZER_NONNULL = YES;
				CLANG_ANALYZER_NUMBER_OBJECT_CONVERSION = YES_AGGRESSIVE;
				CLANG_CXX_LANGUAGE_STANDARD = "gnu++20";
				CLANG_ENABLE_MODULES = YES;
				CLANG_ENABLE_OBJC_ARC = YES;
				CLANG_ENABLE_OBJC_WEAK = YES;
				CLANG_WARN_BLOCK_CAPTURE_AUTORELEASING = YES;
				CLANG_WARN_BOOL_CONVERSION = YES;
				CLANG_WARN_COMMA = YES;
				CLANG_WARN_CONSTANT_CONVERSION = YES;
				CLANG_WARN_DEPRECATED_OBJC_IMPLEMENTATIONS = YES;
				CLANG_WARN_DIRECT_OBJC_ISA_USAGE = YES_ERROR;
				CLANG_WARN_DOCUMENTATION_COMMENTS = YES;
				CLANG_WARN_EMPTY_BODY = YES;
				CLANG_WARN_ENUM_CONVERSION = YES;
				CLANG_WARN_INFINITE_RECURSION = YES;
				CLANG_WARN_INT_CONVERSION = YES;
				CLANG_WARN_NON_LITERAL_NULL_CONVERSION = YES;
				CLANG_WARN_OBJC_IMPLICIT_RETAIN_SELF = YES;
				CLANG_WARN_OBJC_LITERAL_CONVERSION = YES;
				CLANG_WARN_OBJC_ROOT_CLASS = YES_ERROR;
				CLANG_WARN_QUOTED_INCLUDE_IN_FRAMEWORK_HEADER = YES;
				CLANG_WARN_RANGE_LOOP_ANALYSIS = YES;
				CLANG_WARN_STRICT_PROTOTYPES = YES;
				CLANG_WARN_SUSPICIOUS_MOVE = YES;
				CLANG_WARN_UNGUARDED_AVAILABILITY = YES_AGGRESSIVE;
				CLANG_WARN_UNREACHABLE_CODE = YES;
				CLANG_WARN__DUPLICATE_METHOD_MATCH = YES;
				COPY_PHASE_STRIP = NO;
				DEBUG_INFORMATION_FORMAT = "dwarf-with-dsym";
				ENABLE_NS_ASSERTIONS = NO;
				ENABLE_STRICT_OBJC_MSGSEND = YES;
				ENABLE_USER_SCRIPT_SANDBOXING = YES;
				GCC_C_LANGUAGE_STANDARD = gnu17;
				GCC_NO_COMMON_BLOCKS = YES;
				GCC_WARN_64_TO_32_BIT_CONVERSION = YES;
				GCC_WARN_ABOUT_RETURN_TYPE = YES_ERROR;
				GCC_WARN_UNDECLARED_SELECTOR = YES;
				GCC_WARN_UNINITIALIZED_AUTOS = YES_AGGRESSIVE;
				GCC_WARN_UNUSED_FUNCTION = YES;
				GCC_WARN_UNUSED_VARIABLE = YES;
				IPHONEOS_DEPLOYMENT_TARGET = 18.0;
				LOCALIZATION_PREFERS_STRING_CATALOGS = YES;
				MTL_ENABLE_DEBUG_INFO = NO;
				MTL_FAST_MATH = YES;
				SDKROOT = iphoneos;
				SWIFT_COMPILATION_MODE = wholemodule;
				VALIDATE_PRODUCT = YES;
			};
			name = Release;
		};
		22D8D3CD2CC14A6200C53BA1 /* Debug */ = {
			isa = XCBuildConfiguration;
			buildSettings = {
				ASSETCATALOG_COMPILER_APPICON_NAME = AppIcon;
				ASSETCATALOG_COMPILER_GLOBAL_ACCENT_COLOR_NAME = AccentColor;
				CODE_SIGN_STYLE = Automatic;
				CURRENT_PROJECT_VERSION = 1;
				DEVELOPMENT_ASSET_PATHS = "\"Gis/Preview Content\"";
				ENABLE_PREVIEWS = YES;
				GENERATE_INFOPLIST_FILE = YES;
				INFOPLIST_KEY_UIApplicationSceneManifest_Generation = YES;
				INFOPLIST_KEY_UIApplicationSupportsIndirectInputEvents = YES;
				INFOPLIST_KEY_UILaunchScreen_Generation = YES;
				INFOPLIST_KEY_UISupportedInterfaceOrientations_iPad = "UIInterfaceOrientationPortrait UIInterfaceOrientationPortraitUpsideDown UIInterfaceOrientationLandscapeLeft UIInterfaceOrientationLandscapeRight";
				INFOPLIST_KEY_UISupportedInterfaceOrientations_iPhone = "UIInterfaceOrientationPortrait UIInterfaceOrientationLandscapeLeft UIInterfaceOrientationLandscapeRight";
				LD_RUNPATH_SEARCH_PATHS = (
					"$(inherited)",
					"@executable_path/Frameworks",
				);
				MARKETING_VERSION = 1.0;
				PRODUCT_BUNDLE_IDENTIFIER = com.andrescardenas.Gis;
				PRODUCT_NAME = "$(TARGET_NAME)";
				SWIFT_EMIT_LOC_STRINGS = YES;
				SWIFT_VERSION = 5.0;
				TARGETED_DEVICE_FAMILY = "1,2";
			};
			name = Debug;
		};
		22D8D3CE2CC14A6200C53BA1 /* Release */ = {
			isa = XCBuildConfiguration;
			buildSettings = {
				ASSETCATALOG_COMPILER_APPICON_NAME = AppIcon;
				ASSETCATALOG_COMPILER_GLOBAL_ACCENT_COLOR_NAME = AccentColor;
				CODE_SIGN_STYLE = Automatic;
				CURRENT_PROJECT_VERSION = 1;
				DEVELOPMENT_ASSET_PATHS = "\"Gis/Preview Content\"";
				ENABLE_PREVIEWS = YES;
				GENERATE_INFOPLIST_FILE = YES;
				INFOPLIST_KEY_UIApplicationSceneManifest_Generation = YES;
				INFOPLIST_KEY_UIApplicationSupportsIndirectInputEvents = YES;
				INFOPLIST_KEY_UILaunchScreen_Generation = YES;
				INFOPLIST_KEY_UISupportedInterfaceOrientations_iPad = "UIInterfaceOrientationPortrait UIInterfaceOrientationPortraitUpsideDown UIInterfaceOrientationLandscapeLeft UIInterfaceOrientationLandscapeRight";
				INFOPLIST_KEY_UISupportedInterfaceOrientations_iPhone = "UIInterfaceOrientationPortrait UIInterfaceOrientationLandscapeLeft UIInterfaceOrientationLandscapeRight";
				LD_RUNPATH_SEARCH_PATHS = (
					"$(inherited)",
					"@executable_path/Frameworks",
				);
				MARKETING_VERSION = 1.0;
				PRODUCT_BUNDLE_IDENTIFIER = com.andrescardenas.Gis;
				PRODUCT_NAME = "$(TARGET_NAME)";
				SWIFT_EMIT_LOC_STRINGS = YES;
				SWIFT_VERSION = 5.0;
				TARGETED_DEVICE_FAMILY = "1,2";
			};
			name = Release;
		};
		22D8D3D02CC14A6200C53BA1 /* Debug */ = {
			isa = XCBuildConfiguration;
			buildSettings = {
				BUNDLE_LOADER = "$(TEST_HOST)";
				CODE_SIGN_STYLE = Automatic;
				CURRENT_PROJECT_VERSION = 1;
				GENERATE_INFOPLIST_FILE = YES;
				IPHONEOS_DEPLOYMENT_TARGET = 18.0;
				MARKETING_VERSION = 1.0;
				PRODUCT_BUNDLE_IDENTIFIER = com.andrescardenas.GisTests;
				PRODUCT_NAME = "$(TARGET_NAME)";
				SWIFT_EMIT_LOC_STRINGS = NO;
				SWIFT_VERSION = 5.0;
				TARGETED_DEVICE_FAMILY = "1,2";
				TEST_HOST = "$(BUILT_PRODUCTS_DIR)/Gis.app/$(BUNDLE_EXECUTABLE_FOLDER_PATH)/Gis";
			};
			name = Debug;
		};
		22D8D3D12CC14A6200C53BA1 /* Release */ = {
			isa = XCBuildConfiguration;
			buildSettings = {
				BUNDLE_LOADER = "$(TEST_HOST)";
				CODE_SIGN_STYLE = Automatic;
				CURRENT_PROJECT_VERSION = 1;
				GENERATE_INFOPLIST_FILE = YES;
				IPHONEOS_DEPLOYMENT_TARGET = 18.0;
				MARKETING_VERSION = 1.0;
				PRODUCT_BUNDLE_IDENTIFIER = com.andrescardenas.GisTests;
				PRODUCT_NAME = "$(TARGET_NAME)";
				SWIFT_EMIT_LOC_STRINGS = NO;
				SWIFT_VERSION = 5.0;
				TARGETED_DEVICE_FAMILY = "1,2";
				TEST_HOST = "$(BUILT_PRODUCTS_DIR)/Gis.app/$(BUNDLE_EXECUTABLE_FOLDER_PATH)/Gis";
			};
			name = Release;
		};
		22D8D3D32CC14A6200C53BA1 /* Debug */ = {
			isa = XCBuildConfiguration;
			buildSettings = {
				CODE_SIGN_STYLE = Automatic;
				CURRENT_PROJECT_VERSION = 1;
				GENERATE_INFOPLIST_FILE = YES;
				MARKETING_VERSION = 1.0;
				PRODUCT_BUNDLE_IDENTIFIER = com.andrescardenas.GisUITests;
				PRODUCT_NAME = "$(TARGET_NAME)";
				SWIFT_EMIT_LOC_STRINGS = NO;
				SWIFT_VERSION = 5.0;
				TARGETED_DEVICE_FAMILY = "1,2";
				TEST_TARGET_NAME = Gis;
			};
			name = Debug;
		};
		22D8D3D42CC14A6200C53BA1 /* Release */ = {
			isa = XCBuildConfiguration;
			buildSettings = {
				CODE_SIGN_STYLE = Automatic;
				CURRENT_PROJECT_VERSION = 1;
				GENERATE_INFOPLIST_FILE = YES;
				MARKETING_VERSION = 1.0;
				PRODUCT_BUNDLE_IDENTIFIER = com.andrescardenas.GisUITests;
				PRODUCT_NAME = "$(TARGET_NAME)";
				SWIFT_EMIT_LOC_STRINGS = NO;
				SWIFT_VERSION = 5.0;
				TARGETED_DEVICE_FAMILY = "1,2";
				TEST_TARGET_NAME = Gis;
			};
			name = Release;
		};
/* End XCBuildConfiguration section */

/* Begin XCConfigurationList section */
		22D8D3A32CC14A6000C53BA1 /* Build configuration list for PBXProject "Gis" */ = {
			isa = XCConfigurationList;
			buildConfigurations = (
				22D8D3CA2CC14A6200C53BA1 /* Debug */,
				22D8D3CB2CC14A6200C53BA1 /* Release */,
			);
			defaultConfigurationIsVisible = 0;
			defaultConfigurationName = Release;
		};
		22D8D3CC2CC14A6200C53BA1 /* Build configuration list for PBXNativeTarget "Gis" */ = {
			isa = XCConfigurationList;
			buildConfigurations = (
				22D8D3CD2CC14A6200C53BA1 /* Debug */,
				22D8D3CE2CC14A6200C53BA1 /* Release */,
			);
			defaultConfigurationIsVisible = 0;
			defaultConfigurationName = Release;
		};
		22D8D3CF2CC14A6200C53BA1 /* Build configuration list for PBXNativeTarget "GisTests" */ = {
			isa = XCConfigurationList;
			buildConfigurations = (
				22D8D3D02CC14A6200C53BA1 /* Debug */,
				22D8D3D12CC14A6200C53BA1 /* Release */,
			);
			defaultConfigurationIsVisible = 0;
			defaultConfigurationName = Release;
		};
		22D8D3D22CC14A6200C53BA1 /* Build configuration list for PBXNativeTarget "GisUITests" */ = {
			isa = XCConfigurationList;
			buildConfigurations = (
				22D8D3D32CC14A6200C53BA1 /* Debug */,
				22D8D3D42CC14A6200C53BA1 /* Release */,
			);
			defaultConfigurationIsVisible = 0;
			defaultConfigurationName = Release;
		};
/* End XCConfigurationList section */

/* Begin XCRemoteSwiftPackageReference section */
		22D8D3DD2CC154CB00C53BA1 /* XCRemoteSwiftPackageReference "firebase-ios-sdk" */ = {
			isa = XCRemoteSwiftPackageReference;
			repositoryURL = "https://github.com/firebase/firebase-ios-sdk";
			requirement = {
				kind = upToNextMajorVersion;
				minimumVersion = 11.3.0;
			};
		};
/* End XCRemoteSwiftPackageReference section */

/* Begin XCSwiftPackageProductDependency section */
		22D8D3DE2CC154CB00C53BA1 /* FirebaseAuth */ = {
			isa = XCSwiftPackageProductDependency;
			package = 22D8D3DD2CC154CB00C53BA1 /* XCRemoteSwiftPackageReference "firebase-ios-sdk" */;
			productName = FirebaseAuth;
		};
		22D8D3E02CC154CB00C53BA1 /* FirebaseFirestore */ = {
			isa = XCSwiftPackageProductDependency;
			package = 22D8D3DD2CC154CB00C53BA1 /* XCRemoteSwiftPackageReference "firebase-ios-sdk" */;
			productName = FirebaseFirestore;
		};
		22D8D3E22CC154CB00C53BA1 /* FirebaseStorage */ = {
			isa = XCSwiftPackageProductDependency;
			package = 22D8D3DD2CC154CB00C53BA1 /* XCRemoteSwiftPackageReference "firebase-ios-sdk" */;
			productName = FirebaseStorage;
		};
/* End XCSwiftPackageProductDependency section */
	};
	rootObject = 22D8D3A02CC14A6000C53BA1 /* Project object */;
}
